
Microsoft Visual Studio Solution File, Format Version 12.00
# Visual Studio Version 17
VisualStudioVersion = 17.0.33829.163
MinimumVisualStudioVersion = 10.0.40219.1
Project("{9A19103F-16F7-4668-BE54-9A1E7A4F7556}") = "ClassWebApi", "ClassWebApi\ClassWebApi.csproj", "{94381356-194F-4376-81CB-07B21756A7B0}"
EndProject
Project("{FAE04EC0-301F-11D3-BF4B-00C04F79EFBC}") = "ClassFrontEnd", "ClassFrontEnd\ClassFrontEnd.csproj", "{4F97447F-EFAE-4EA7-AB26-4B1536D8653E}"
EndProject
Global
	GlobalSection(SolutionConfigurationPlatforms) = preSolution
		Debug|Any CPU = Debug|Any CPU
		Release|Any CPU = Release|Any CPU
	EndGlobalSection
	GlobalSection(ProjectConfigurationPlatforms) = postSolution
		{94381356-194F-4376-81CB-07B21756A7B0}.Debug|Any CPU.ActiveCfg = Debug|Any CPU
		{94381356-194F-4376-81CB-07B21756A7B0}.Debug|Any CPU.Build.0 = Debug|Any CPU
		{94381356-194F-4376-81CB-07B21756A7B0}.Release|Any CPU.ActiveCfg = Release|Any CPU
		{94381356-194F-4376-81CB-07B21756A7B0}.Release|Any CPU.Build.0 = Release|Any CPU
		{4F97447F-EFAE-4EA7-AB26-4B1536D8653E}.Debug|Any CPU.ActiveCfg = Debug|Any CPU
		{4F97447F-EFAE-4EA7-AB26-4B1536D8653E}.Debug|Any CPU.Build.0 = Debug|Any CPU
		{4F97447F-EFAE-4EA7-AB26-4B1536D8653E}.Release|Any CPU.ActiveCfg = Release|Any CPU
		{4F97447F-EFAE-4EA7-AB26-4B1536D8653E}.Release|Any CPU.Build.0 = Release|Any CPU
	EndGlobalSection
	GlobalSection(SolutionProperties) = preSolution
		HideSolutionNode = FALSE
	EndGlobalSection
	GlobalSection(ExtensibilityGlobals) = postSolution
		SolutionGuid = {876FB1F2-59CB-44A3-B224-AC9DE381584B}
	EndGlobalSection
EndGlobal
